{
    "doctrine/deprecations": {
        "version": "v0.5.3"
    },
    "friendsofphp/proxy-manager-lts": {
        "version": "v1.0.5"
    },
    "nyholm/dsn": {
        "version": "2.0.0"
    },
    "nyholm/psr7": {
        "version": "1.0",
        "recipe": {
            "repo": "github.com/symfony/recipes",
            "branch": "master",
            "version": "1.0",
            "ref": "0cd4d2d0e7f646fda75f9944f747a56e6ed13d4c"
        },
        "files": [
            "config/packages/nyholm_psr7.yaml"
        ]
    },
    "symfony/password-hasher": {
        "version": "v5.3.0"
    },
    "symfony/polyfill-php81": {
        "version": "v1.23.0"
    },
    "symfony/proxy-manager-bridge": {
        "version": "v5.3.0"
    },
    "symfony/psr-http-message-bridge": {
        "version": "v2.1.0"
    },
    "symfony/workflow": {
        "version": "3.3",
        "recipe": {
            "repo": "github.com/symfony/recipes",
            "branch": "master",
            "version": "3.3",
            "ref": "3b2f8ca32a07fcb00f899649053943fa3d8bbfb6"
        },
        "files": [
            "config/packages/workflow.yaml"
        ]
    }
}
